
Microsoft Visual Studio Solution File, Format Version 12.00
# Visual Studio 15
VisualStudioVersion = 15.0.28307.1231
MinimumVisualStudioVersion = 10.0.40219.1
Project("{FAE04EC0-301F-11D3-BF4B-00C04F79EFBC}") = "WindowsService3", "WindowsService3\WindowsService3.csproj", "{B38D59ED-47C7-4FBD-967A-9EC43681C5D0}"
EndProject
Global
	GlobalSection(SolutionConfigurationPlatforms) = preSolution
		Debug|Any CPU = Debug|Any CPU
		Release|Any CPU = Release|Any CPU
	EndGlobalSection
	GlobalSection(ProjectConfigurationPlatforms) = postSolution
		{B38D59ED-47C7-4FBD-967A-9EC43681C5D0}.Debug|Any CPU.ActiveCfg = Debug|Any CPU
		{B38D59ED-47C7-4FBD-967A-9EC43681C5D0}.Debug|Any CPU.Build.0 = Debug|Any CPU
		{B38D59ED-47C7-4FBD-967A-9EC43681C5D0}.Release|Any CPU.ActiveCfg = Release|Any CPU
		{B38D59ED-47C7-4FBD-967A-9EC43681C5D0}.Release|Any CPU.Build.0 = Release|Any CPU
	EndGlobalSection
	GlobalSection(SolutionProperties) = preSolution
		HideSolutionNode = FALSE
	EndGlobalSection
	GlobalSection(ExtensibilityGlobals) = postSolution
		SolutionGuid = {10A7F32D-CAA4-467B-A757-640B0F32E88E}
	EndGlobalSection
EndGlobal
